
Microsoft Visual Studio Solution File, Format Version 12.00
# Visual Studio Version 16
VisualStudioVersion = 16.0.30717.126
MinimumVisualStudioVersion = 10.0.40219.1
Project("{9A19103F-16F7-4668-BE54-9A1E7A4F7556}") = "AspNetCore.LoggerBuilder", "AspNetCore.LoggerBuilder\AspNetCore.LoggerBuilder.csproj", "{D5F68554-F46D-48D7-AF4B-1CFEFFC664B9}"
EndProject
Project("{9A19103F-16F7-4668-BE54-9A1E7A4F7556}") = "AspNetCore.LoggerBuilder.Test", "AspNetCore.LoggerBuilder.Test\AspNetCore.LoggerBuilder.Test.csproj", "{B7DCA521-0514-4DD5-A238-0E2833029910}"
EndProject
Global
	GlobalSection(SolutionConfigurationPlatforms) = preSolution
		Debug|Any CPU = Debug|Any CPU
		Release|Any CPU = Release|Any CPU
	EndGlobalSection
	GlobalSection(ProjectConfigurationPlatforms) = postSolution
		{D5F68554-F46D-48D7-AF4B-1CFEFFC664B9}.Debug|Any CPU.ActiveCfg = Debug|Any CPU
		{D5F68554-F46D-48D7-AF4B-1CFEFFC664B9}.Debug|Any CPU.Build.0 = Debug|Any CPU
		{D5F68554-F46D-48D7-AF4B-1CFEFFC664B9}.Release|Any CPU.ActiveCfg = Release|Any CPU
		{D5F68554-F46D-48D7-AF4B-1CFEFFC664B9}.Release|Any CPU.Build.0 = Release|Any CPU
		{B7DCA521-0514-4DD5-A238-0E2833029910}.Debug|Any CPU.ActiveCfg = Debug|Any CPU
		{B7DCA521-0514-4DD5-A238-0E2833029910}.Debug|Any CPU.Build.0 = Debug|Any CPU
		{B7DCA521-0514-4DD5-A238-0E2833029910}.Release|Any CPU.ActiveCfg = Release|Any CPU
		{B7DCA521-0514-4DD5-A238-0E2833029910}.Release|Any CPU.Build.0 = Release|Any CPU
	EndGlobalSection
	GlobalSection(SolutionProperties) = preSolution
		HideSolutionNode = FALSE
	EndGlobalSection
	GlobalSection(ExtensibilityGlobals) = postSolution
		SolutionGuid = {010564DF-DEB4-45DC-94AE-F2602C7D68AE}
	EndGlobalSection
EndGlobal
